// !$*UTF8*$!
{
	archiveVersion = 1;
	classes = {
	};
	objectVersion = 50;
	objects = {

/* Begin PBXBuildFile section */
		76D612895341C0417CF9861B /* Pods_Library_home.framework in Frameworks */ = {isa = PBXBuildFile; fileRef = DC508672DC142F3F8A4CBDB2 /* Pods_Library_home.framework */; };
		A79ABE6D2126B3F900CD339A /* ShowBookViewController.swift in Sources */ = {isa = PBXBuildFile; fileRef = A79ABE6C2126B3F900CD339A /* ShowBookViewController.swift */; };
		A79ABE6F2126B44E00CD339A /* ShowContactViewController.swift in Sources */ = {isa = PBXBuildFile; fileRef = A79ABE6E2126B44E00CD339A /* ShowContactViewController.swift */; };
		A7C51EC720D33C20002CEDC2 /* Book.swift in Sources */ = {isa = PBXBuildFile; fileRef = A7C51EC620D33C20002CEDC2 /* Book.swift */; };
		A7F8E9B520CB6DDA008C6E70 /* AppDelegate.swift in Sources */ = {isa = PBXBuildFile; fileRef = A7F8E9B420CB6DDA008C6E70 /* AppDelegate.swift */; };
		A7F8E9B720CB6DDA008C6E70 /* ViewController.swift in Sources */ = {isa = PBXBuildFile; fileRef = A7F8E9B620CB6DDA008C6E70 /* ViewController.swift */; };
		A7F8E9BA20CB6DDA008C6E70 /* Main.storyboard in Resources */ = {isa = PBXBuildFile; fileRef = A7F8E9B820CB6DDA008C6E70 /* Main.storyboard */; };
		A7F8E9BC20CB6DDC008C6E70 /* Assets.xcassets in Resources */ = {isa = PBXBuildFile; fileRef = A7F8E9BB20CB6DDC008C6E70 /* Assets.xcassets */; };
		A7F8E9BF20CB6DDC008C6E70 /* LaunchScreen.storyboard in Resources */ = {isa = PBXBuildFile; fileRef = A7F8E9BD20CB6DDC008C6E70 /* LaunchScreen.storyboard */; };
		A7F8E9C720CB7106008C6E70 /* GoogleService-Info.plist in Resources */ = {isa = PBXBuildFile; fileRef = A7F8E9C620CB7106008C6E70 /* GoogleService-Info.plist */; };
		A7F8E9C920CB7539008C6E70 /* LibraryCollectionViewController.swift in Sources */ = {isa = PBXBuildFile; fileRef = A7F8E9C820CB7539008C6E70 /* LibraryCollectionViewController.swift */; };
/* End PBXBuildFile section */

/* Begin PBXFileReference section */
		74B5BDCAE64416CDB292A5BD /* Pods-Library@home.debug.xcconfig */ = {isa = PBXFileReference; includeInIndex = 1; lastKnownFileType = text.xcconfig; name = "Pods-Library@home.debug.xcconfig"; path = "Pods/Target Support Files/Pods-Library@home/Pods-Library@home.debug.xcconfig"; sourceTree = "<group>"; };
		98BF0699AB12417748496C00 /* Pods-Library@home.release.xcconfig */ = {isa = PBXFileReference; includeInIndex = 1; lastKnownFileType = text.xcconfig; name = "Pods-Library@home.release.xcconfig"; path = "Pods/Target Support Files/Pods-Library@home/Pods-Library@home.release.xcconfig"; sourceTree = "<group>"; };
		A79ABE6C2126B3F900CD339A /* ShowBookViewController.swift */ = {isa = PBXFileReference; lastKnownFileType = sourcecode.swift; path = ShowBookViewController.swift; sourceTree = "<group>"; };
		A79ABE6E2126B44E00CD339A /* ShowContactViewController.swift */ = {isa = PBXFileReference; lastKnownFileType = sourcecode.swift; path = ShowContactViewController.swift; sourceTree = "<group>"; };
		A7C51EC620D33C20002CEDC2 /* Book.swift */ = {isa = PBXFileReference; lastKnownFileType = sourcecode.swift; path = Book.swift; sourceTree = "<group>"; };
		A7F8E9B120CB6DDA008C6E70 /* Library@home.app */ = {isa = PBXFileReference; explicitFileType = wrapper.application; includeInIndex = 0; path = "Library@home.app"; sourceTree = BUILT_PRODUCTS_DIR; };
		A7F8E9B420CB6DDA008C6E70 /* AppDelegate.swift */ = {isa = PBXFileReference; lastKnownFileType = sourcecode.swift; path = AppDelegate.swift; sourceTree = "<group>"; };
		A7F8E9B620CB6DDA008C6E70 /* ViewController.swift */ = {isa = PBXFileReference; lastKnownFileType = sourcecode.swift; path = ViewController.swift; sourceTree = "<group>"; };
		A7F8E9B920CB6DDA008C6E70 /* Base */ = {isa = PBXFileReference; lastKnownFileType = file.storyboard; name = Base; path = Base.lproj/Main.storyboard; sourceTree = "<group>"; };
		A7F8E9BB20CB6DDC008C6E70 /* Assets.xcassets */ = {isa = PBXFileReference; lastKnownFileType = folder.assetcatalog; path = Assets.xcassets; sourceTree = "<group>"; };
		A7F8E9BE20CB6DDC008C6E70 /* Base */ = {isa = PBXFileReference; lastKnownFileType = file.storyboard; name = Base; path = Base.lproj/LaunchScreen.storyboard; sourceTree = "<group>"; };
		A7F8E9C020CB6DDC008C6E70 /* Info.plist */ = {isa = PBXFileReference; lastKnownFileType = text.plist.xml; path = Info.plist; sourceTree = "<group>"; };
		A7F8E9C620CB7106008C6E70 /* GoogleService-Info.plist */ = {isa = PBXFileReference; fileEncoding = 4; lastKnownFileType = text.plist.xml; path = "GoogleService-Info.plist"; sourceTree = "<group>"; };
		A7F8E9C820CB7539008C6E70 /* LibraryCollectionViewController.swift */ = {isa = PBXFileReference; lastKnownFileType = sourcecode.swift; path = LibraryCollectionViewController.swift; sourceTree = "<group>"; };
		DC508672DC142F3F8A4CBDB2 /* Pods_Library_home.framework */ = {isa = PBXFileReference; explicitFileType = wrapper.framework; includeInIndex = 0; path = Pods_Library_home.framework; sourceTree = BUILT_PRODUCTS_DIR; };
/* End PBXFileReference section */

/* Begin PBXFrameworksBuildPhase section */
		A7F8E9AE20CB6DDA008C6E70 /* Frameworks */ = {
			isa = PBXFrameworksBuildPhase;
			buildActionMask = 2147483647;
			files = (
				76D612895341C0417CF9861B /* Pods_Library_home.framework in Frameworks */,
			);
			runOnlyForDeploymentPostprocessing = 0;
		};
/* End PBXFrameworksBuildPhase section */

/* Begin PBXGroup section */
		734FB385B6B7F3313764079D /* Pods */ = {
			isa = PBXGroup;
			children = (
				74B5BDCAE64416CDB292A5BD /* Pods-Library@home.debug.xcconfig */,
				98BF0699AB12417748496C00 /* Pods-Library@home.release.xcconfig */,
			);
			name = Pods;
			sourceTree = "<group>";
		};
		A7F8E9A820CB6DDA008C6E70 = {
			isa = PBXGroup;
			children = (
				A7F8E9B320CB6DDA008C6E70 /* Library@home */,
				A7F8E9B220CB6DDA008C6E70 /* Products */,
				734FB385B6B7F3313764079D /* Pods */,
				E34AB6356693EAE098AE214B /* Frameworks */,
			);
			sourceTree = "<group>";
		};
		A7F8E9B220CB6DDA008C6E70 /* Products */ = {
			isa = PBXGroup;
			children = (
				A7F8E9B120CB6DDA008C6E70 /* Library@home.app */,
			);
			name = Products;
			sourceTree = "<group>";
		};
		A7F8E9B320CB6DDA008C6E70 /* Library@home */ = {
			isa = PBXGroup;
			children = (
				A7F8E9B420CB6DDA008C6E70 /* AppDelegate.swift */,
				A7F8E9B620CB6DDA008C6E70 /* ViewController.swift */,
				A7F8E9B820CB6DDA008C6E70 /* Main.storyboard */,
				A7F8E9BB20CB6DDC008C6E70 /* Assets.xcassets */,
				A7F8E9BD20CB6DDC008C6E70 /* LaunchScreen.storyboard */,
				A7F8E9C020CB6DDC008C6E70 /* Info.plist */,
				A7F8E9C620CB7106008C6E70 /* GoogleService-Info.plist */,
				A7F8E9C820CB7539008C6E70 /* LibraryCollectionViewController.swift */,
				A7C51EC620D33C20002CEDC2 /* Book.swift */,
				A79ABE6C2126B3F900CD339A /* ShowBookViewController.swift */,
				A79ABE6E2126B44E00CD339A /* ShowContactViewController.swift */,
			);
			path = "Library@home";
			sourceTree = "<group>";
		};
		E34AB6356693EAE098AE214B /* Frameworks */ = {
			isa = PBXGroup;
			children = (
				DC508672DC142F3F8A4CBDB2 /* Pods_Library_home.framework */,
			);
			name = Frameworks;
			sourceTree = "<group>";
		};
/* End PBXGroup section */

/* Begin PBXNativeTarget section */
		A7F8E9B020CB6DDA008C6E70 /* Library@home */ = {
			isa = PBXNativeTarget;
			buildConfigurationList = A7F8E9C320CB6DDC008C6E70 /* Build configuration list for PBXNativeTarget "Library@home" */;
			buildPhases = (
				7324BC8C056D9FDDB8E7C4DC /* [CP] Check Pods Manifest.lock */,
				A7F8E9AD20CB6DDA008C6E70 /* Sources */,
				A7F8E9AE20CB6DDA008C6E70 /* Frameworks */,
				A7F8E9AF20CB6DDA008C6E70 /* Resources */,
				F8CB4926957CD7D69A824A08 /* [CP] Embed Pods Frameworks */,
			);
			buildRules = (
			);
			dependencies = (
			);
			name = "Library@home";
			productName = "Library@home";
			productReference = A7F8E9B120CB6DDA008C6E70 /* Library@home.app */;
			productType = "com.apple.product-type.application";
		};
/* End PBXNativeTarget section */

/* Begin PBXProject section */
		A7F8E9A920CB6DDA008C6E70 /* Project object */ = {
			isa = PBXProject;
			attributes = {
				LastSwiftUpdateCheck = 0930;
				LastUpgradeCheck = 0930;
				ORGANIZATIONNAME = ops;
				TargetAttributes = {
					A7F8E9B020CB6DDA008C6E70 = {
						CreatedOnToolsVersion = 9.3.1;
					};
				};
			};
			buildConfigurationList = A7F8E9AC20CB6DDA008C6E70 /* Build configuration list for PBXProject "Library@home" */;
			compatibilityVersion = "Xcode 9.3";
			developmentRegion = en;
			hasScannedForEncodings = 0;
			knownRegions = (
				en,
				Base,
			);
			mainGroup = A7F8E9A820CB6DDA008C6E70;
			productRefGroup = A7F8E9B220CB6DDA008C6E70 /* Products */;
			projectDirPath = "";
			projectRoot = "";
			targets = (
				A7F8E9B020CB6DDA008C6E70 /* Library@home */,
			);
		};
/* End PBXProject section */

/* Begin PBXResourcesBuildPhase section */
		A7F8E9AF20CB6DDA008C6E70 /* Resources */ = {
			isa = PBXResourcesBuildPhase;
			buildActionMask = 2147483647;
			files = (
				A7F8E9BF20CB6DDC008C6E70 /* LaunchScreen.storyboard in Resources */,
				A7F8E9C720CB7106008C6E70 /* GoogleService-Info.plist in Resources */,
				A7F8E9BC20CB6DDC008C6E70 /* Assets.xcassets in Resources */,
				A7F8E9BA20CB6DDA008C6E70 /* Main.storyboard in Resources */,
			);
			runOnlyForDeploymentPostprocessing = 0;
		};
/* End PBXResourcesBuildPhase section */

/* Begin PBXShellScriptBuildPhase section */
		7324BC8C056D9FDDB8E7C4DC /* [CP] Check Pods Manifest.lock */ = {
			isa = PBXShellScriptBuildPhase;
			buildActionMask = 2147483647;
			files = (
			);
			inputPaths = (
				"${PODS_PODFILE_DIR_PATH}/Podfile.lock",
				"${PODS_ROOT}/Manifest.lock",
			);
			name = "[CP] Check Pods Manifest.lock";
			outputPaths = (
				"$(DERIVED_FILE_DIR)/Pods-Library@home-checkManifestLockResult.txt",
			);
			runOnlyForDeploymentPostprocessing = 0;
			shellPath = /bin/sh;
			shellScript = "diff \"${PODS_PODFILE_DIR_PATH}/Podfile.lock\" \"${PODS_ROOT}/Manifest.lock\" > /dev/null\nif [ $? != 0 ] ; then\n    # print error to STDERR\n    echo \"error: The sandbox is not in sync with the Podfile.lock. Run 'pod install' or update your CocoaPods installation.\" >&2\n    exit 1\nfi\n# This output is used by Xcode 'outputs' to avoid re-running this script phase.\necho \"SUCCESS\" > \"${SCRIPT_OUTPUT_FILE_0}\"\n";
			showEnvVarsInLog = 0;
		};
		F8CB4926957CD7D69A824A08 /* [CP] Embed Pods Frameworks */ = {
			isa = PBXShellScriptBuildPhase;
			buildActionMask = 2147483647;
			files = (
			);
			inputPaths = (
				"${SRCROOT}/Pods/Target Support Files/Pods-Library@home/Pods-Library@home-frameworks.sh",
				"${BUILT_PRODUCTS_DIR}/GTMSessionFetcher/GTMSessionFetcher.framework",
				"${BUILT_PRODUCTS_DIR}/GoogleToolboxForMac/GoogleToolboxForMac.framework",
				"${BUILT_PRODUCTS_DIR}/SwiftyJSON/SwiftyJSON.framework",
				"${BUILT_PRODUCTS_DIR}/leveldb-library/leveldb.framework",
				"${BUILT_PRODUCTS_DIR}/nanopb/nanopb.framework",
			);
			name = "[CP] Embed Pods Frameworks";
			outputPaths = (
				"${TARGET_BUILD_DIR}/${FRAMEWORKS_FOLDER_PATH}/GTMSessionFetcher.framework",
				"${TARGET_BUILD_DIR}/${FRAMEWORKS_FOLDER_PATH}/GoogleToolboxForMac.framework",
				"${TARGET_BUILD_DIR}/${FRAMEWORKS_FOLDER_PATH}/SwiftyJSON.framework",
				"${TARGET_BUILD_DIR}/${FRAMEWORKS_FOLDER_PATH}/leveldb.framework",
				"${TARGET_BUILD_DIR}/${FRAMEWORKS_FOLDER_PATH}/nanopb.framework",
			);
			runOnlyForDeploymentPostprocessing = 0;
			shellPath = /bin/sh;
			shellScript = "\"${SRCROOT}/Pods/Target Support Files/Pods-Library@home/Pods-Library@home-frameworks.sh\"\n";
			showEnvVarsInLog = 0;
		};
/* End PBXShellScriptBuildPhase section */

/* Begin PBXSourcesBuildPhase section */
		A7F8E9AD20CB6DDA008C6E70 /* Sources */ = {
			isa = PBXSourcesBuildPhase;
			buildActionMask = 2147483647;
			files = (
				A7C51EC720D33C20002CEDC2 /* Book.swift in Sources */,
				A7F8E9B720CB6DDA008C6E70 /* ViewController.swift in Sources */,
				A7F8E9C920CB7539008C6E70 /* LibraryCollectionViewController.swift in Sources */,
				A7F8E9B520CB6DDA008C6E70 /* AppDelegate.swift in Sources */,
				A79ABE6F2126B44E00CD339A /* ShowContactViewController.swift in Sources */,
				A79ABE6D2126B3F900CD339A /* ShowBookViewController.swift in Sources */,
			);
			runOnlyForDeploymentPostprocessing = 0;
		};
/* End PBXSourcesBuildPhase section */

/* Begin PBXVariantGroup section */
		A7F8E9B820CB6DDA008C6E70 /* Main.storyboard */ = {
			isa = PBXVariantGroup;
			children = (
				A7F8E9B920CB6DDA008C6E70 /* Base */,
			);
			name = Main.storyboard;
			sourceTree = "<group>";
		};
		A7F8E9BD20CB6DDC008C6E70 /* LaunchScreen.storyboard */ = {
			isa = PBXVariantGroup;
			children = (
				A7F8E9BE20CB6DDC008C6E70 /* Base */,
			);
			name = LaunchScreen.storyboard;
			sourceTree = "<group>";
		};
/* End PBXVariantGroup section */

/* Begin XCBuildConfiguration section */
		A7F8E9C120CB6DDC008C6E70 /* Debug */ = {
			isa = XCBuildConfiguration;
			buildSettings = {
				ALWAYS_SEARCH_USER_PATHS = NO;
				CLANG_ANALYZER_NONNULL = YES;
				CLANG_ANALYZER_NUMBER_OBJECT_CONVERSION = YES_AGGRESSIVE;
				CLANG_CXX_LANGUAGE_STANDARD = "gnu++14";
				CLANG_CXX_LIBRARY = "libc++";
				CLANG_ENABLE_MODULES = YES;
				CLANG_ENABLE_OBJC_ARC = YES;
				CLANG_ENABLE_OBJC_WEAK = YES;
				CLANG_WARN_BLOCK_CAPTURE_AUTORELEASING = YES;
				CLANG_WARN_BOOL_CONVERSION = YES;
				CLANG_WARN_COMMA = YES;
				CLANG_WARN_CONSTANT_CONVERSION = YES;
				CLANG_WARN_DEPRECATED_OBJC_IMPLEMENTATIONS = YES;
				CLANG_WARN_DIRECT_OBJC_ISA_USAGE = YES_ERROR;
				CLANG_WARN_DOCUMENTATION_COMMENTS = YES;
				CLANG_WARN_EMPTY_BODY = YES;
				CLANG_WARN_ENUM_CONVERSION = YES;
				CLANG_WARN_INFINITE_RECURSION = YES;
				CLANG_WARN_INT_CONVERSION = YES;
				CLANG_WARN_NON_LITERAL_NULL_CONVERSION = YES;
				CLANG_WARN_OBJC_IMPLICIT_RETAIN_SELF = YES;
				CLANG_WARN_OBJC_LITERAL_CONVERSION = YES;
				CLANG_WARN_OBJC_ROOT_CLASS = YES_ERROR;
				CLANG_WARN_RANGE_LOOP_ANALYSIS = YES;
				CLANG_WARN_STRICT_PROTOTYPES = YES;
				CLANG_WARN_SUSPICIOUS_MOVE = YES;
				CLANG_WARN_UNGUARDED_AVAILABILITY = YES_AGGRESSIVE;
				CLANG_WARN_UNREACHABLE_CODE = YES;
				CLANG_WARN__DUPLICATE_METHOD_MATCH = YES;
				CODE_SIGN_IDENTITY = "iPhone Developer";
				COPY_PHASE_STRIP = NO;
				DEBUG_INFORMATION_FORMAT = dwarf;
				ENABLE_STRICT_OBJC_MSGSEND = YES;
				ENABLE_TESTABILITY = YES;
				GCC_C_LANGUAGE_STANDARD = gnu11;
				GCC_DYNAMIC_NO_PIC = NO;
				GCC_NO_COMMON_BLOCKS = YES;
				GCC_OPTIMIZATION_LEVEL = 0;
				GCC_PREPROCESSOR_DEFINITIONS = (
					"DEBUG=1",
					"$(inherited)",
				);
				GCC_WARN_64_TO_32_BIT_CONVERSION = YES;
				GCC_WARN_ABOUT_RETURN_TYPE = YES_ERROR;
				GCC_WARN_UNDECLARED_SELECTOR = YES;
				GCC_WARN_UNINITIALIZED_AUTOS = YES_AGGRESSIVE;
				GCC_WARN_UNUSED_FUNCTION = YES;
				GCC_WARN_UNUSED_VARIABLE = YES;
				IPHONEOS_DEPLOYMENT_TARGET = 11.3;
				MTL_ENABLE_DEBUG_INFO = YES;
				ONLY_ACTIVE_ARCH = YES;
				SDKROOT = iphoneos;
				SWIFT_ACTIVE_COMPILATION_CONDITIONS = DEBUG;
				SWIFT_OPTIMIZATION_LEVEL = "-Onone";
			};
			name = Debug;
		};
		A7F8E9C220CB6DDC008C6E70 /* Release */ = {
			isa = XCBuildConfiguration;
			buildSettings = {
				ALWAYS_SEARCH_USER_PATHS = NO;
				CLANG_ANALYZER_NONNULL = YES;
				CLANG_ANALYZER_NUMBER_OBJECT_CONVERSION = YES_AGGRESSIVE;
				CLANG_CXX_LANGUAGE_STANDARD = "gnu++14";
				CLANG_CXX_LIBRARY = "libc++";
				CLANG_ENABLE_MODULES = YES;
				CLANG_ENABLE_OBJC_ARC = YES;
				CLANG_ENABLE_OBJC_WEAK = YES;
				CLANG_WARN_BLOCK_CAPTURE_AUTORELEASING = YES;
				CLANG_WARN_BOOL_CONVERSION = YES;
				CLANG_WARN_COMMA = YES;
				CLANG_WARN_CONSTANT_CONVERSION = YES;
				CLANG_WARN_DEPRECATED_OBJC_IMPLEMENTATIONS = YES;
				CLANG_WARN_DIRECT_OBJC_ISA_USAGE = YES_ERROR;
				CLANG_WARN_DOCUMENTATION_COMMENTS = YES;
				CLANG_WARN_EMPTY_BODY = YES;
				CLANG_WARN_ENUM_CONVERSION = YES;
				CLANG_WARN_INFINITE_RECURSION = YES;
				CLANG_WARN_INT_CONVERSION = YES;
				CLANG_WARN_NON_LITERAL_NULL_CONVERSION = YES;
				CLANG_WARN_OBJC_IMPLICIT_RETAIN_SELF = YES;
				CLANG_WARN_OBJC_LITERAL_CONVERSION = YES;
				CLANG_WARN_OBJC_ROOT_CLASS = YES_ERROR;
				CLANG_WARN_RANGE_LOOP_ANALYSIS = YES;
				CLANG_WARN_STRICT_PROTOTYPES = YES;
				CLANG_WARN_SUSPICIOUS_MOVE = YES;
				CLANG_WARN_UNGUARDED_AVAILABILITY = YES_AGGRESSIVE;
				CLANG_WARN_UNREACHABLE_CODE = YES;
				CLANG_WARN__DUPLICATE_METHOD_MATCH = YES;
				CODE_SIGN_IDENTITY = "iPhone Developer";
				COPY_PHASE_STRIP = NO;
				DEBUG_INFORMATION_FORMAT = "dwarf-with-dsym";
				ENABLE_NS_ASSERTIONS = NO;
				ENABLE_STRICT_OBJC_MSGSEND = YES;
				GCC_C_LANGUAGE_STANDARD = gnu11;
				GCC_NO_COMMON_BLOCKS = YES;
				GCC_WARN_64_TO_32_BIT_CONVERSION = YES;
				GCC_WARN_ABOUT_RETURN_TYPE = YES_ERROR;
				GCC_WARN_UNDECLARED_SELECTOR = YES;
				GCC_WARN_UNINITIALIZED_AUTOS = YES_AGGRESSIVE;
				GCC_WARN_UNUSED_FUNCTION = YES;
				GCC_WARN_UNUSED_VARIABLE = YES;
				IPHONEOS_DEPLOYMENT_TARGET = 11.3;
				MTL_ENABLE_DEBUG_INFO = NO;
				SDKROOT = iphoneos;
				SWIFT_COMPILATION_MODE = wholemodule;
				SWIFT_OPTIMIZATION_LEVEL = "-O";
				VALIDATE_PRODUCT = YES;
			};
			name = Release;
		};
		A7F8E9C420CB6DDC008C6E70 /* Debug */ = {
			isa = XCBuildConfiguration;
			baseConfigurationReference = 74B5BDCAE64416CDB292A5BD /* Pods-Library@home.debug.xcconfig */;
			buildSettings = {
				ASSETCATALOG_COMPILER_APPICON_NAME = AppIcon;
				CODE_SIGN_STYLE = Automatic;
				DEVELOPMENT_TEAM = DJ5ZL2GFUK;
				INFOPLIST_FILE = "Library@home/Info.plist";
				LD_RUNPATH_SEARCH_PATHS = (
					"$(inherited)",
					"@executable_path/Frameworks",
				);
				PRODUCT_BUNDLE_IDENTIFIER = "com.ops.cenbooks.Library-home";
				PRODUCT_NAME = "$(TARGET_NAME)";
				SWIFT_VERSION = 4.0;
				TARGETED_DEVICE_FAMILY = "1,2";
			};
			name = Debug;
		};
		A7F8E9C520CB6DDC008C6E70 /* Release */ = {
			isa = XCBuildConfiguration;
			baseConfigurationReference = 98BF0699AB12417748496C00 /* Pods-Library@home.release.xcconfig */;
			buildSettings = {
				ASSETCATALOG_COMPILER_APPICON_NAME = AppIcon;
				CODE_SIGN_STYLE = Automatic;
				DEVELOPMENT_TEAM = DJ5ZL2GFUK;
				INFOPLIST_FILE = "Library@home/Info.plist";
				LD_RUNPATH_SEARCH_PATHS = (
					"$(inherited)",
					"@executable_path/Frameworks",
				);
				PRODUCT_BUNDLE_IDENTIFIER = "com.ops.cenbooks.Library-home";
				PRODUCT_NAME = "$(TARGET_NAME)";
				SWIFT_VERSION = 4.0;
				TARGETED_DEVICE_FAMILY = "1,2";
			};
			name = Release;
		};
/* End XCBuildConfiguration section */

/* Begin XCConfigurationList section */
		A7F8E9AC20CB6DDA008C6E70 /* Build configuration list for PBXProject "Library@home" */ = {
			isa = XCConfigurationList;
			buildConfigurations = (
				A7F8E9C120CB6DDC008C6E70 /* Debug */,
				A7F8E9C220CB6DDC008C6E70 /* Release */,
			);
			defaultConfigurationIsVisible = 0;
			defaultConfigurationName = Release;
		};
		A7F8E9C320CB6DDC008C6E70 /* Build configuration list for PBXNativeTarget "Library@home" */ = {
			isa = XCConfigurationList;
			buildConfigurations = (
				A7F8E9C420CB6DDC008C6E70 /* Debug */,
				A7F8E9C520CB6DDC008C6E70 /* Release */,
			);
			defaultConfigurationIsVisible = 0;
			defaultConfigurationName = Release;
		};
/* End XCConfigurationList section */
	};
	rootObject = A7F8E9A920CB6DDA008C6E70 /* Project object */;
}
